
Microsoft Visual Studio Solution File, Format Version 12.00
# Visual Studio Version 17
VisualStudioVersion = 17.11.35312.102
MinimumVisualStudioVersion = 10.0.40219.1
Project("{FAE04EC0-301F-11D3-BF4B-00C04F79EFBC}") = "CodingChallengeSolutions", "TestSamples\CodingChallengeSolutions.csproj", "{DE61B633-EB16-4FA7-B648-C083CC768D6B}"
EndProject
Project("{FAE04EC0-301F-11D3-BF4B-00C04F79EFBC}") = "ChallengeTests", "ChallengeTests\ChallengeTests.csproj", "{CFD97D9E-CCD4-43BA-A93A-57E6D6D720E2}"
EndProject
Global
	GlobalSection(SolutionConfigurationPlatforms) = preSolution
		Debug|Any CPU = Debug|Any CPU
		Release|Any CPU = Release|Any CPU
	EndGlobalSection
	GlobalSection(ProjectConfigurationPlatforms) = postSolution
		{DE61B633-EB16-4FA7-B648-C083CC768D6B}.Debug|Any CPU.ActiveCfg = Debug|Any CPU
		{DE61B633-EB16-4FA7-B648-C083CC768D6B}.Debug|Any CPU.Build.0 = Debug|Any CPU
		{DE61B633-EB16-4FA7-B648-C083CC768D6B}.Release|Any CPU.ActiveCfg = Release|Any CPU
		{DE61B633-EB16-4FA7-B648-C083CC768D6B}.Release|Any CPU.Build.0 = Release|Any CPU
		{CFD97D9E-CCD4-43BA-A93A-57E6D6D720E2}.Debug|Any CPU.ActiveCfg = Debug|Any CPU
		{CFD97D9E-CCD4-43BA-A93A-57E6D6D720E2}.Debug|Any CPU.Build.0 = Debug|Any CPU
		{CFD97D9E-CCD4-43BA-A93A-57E6D6D720E2}.Release|Any CPU.ActiveCfg = Release|Any CPU
		{CFD97D9E-CCD4-43BA-A93A-57E6D6D720E2}.Release|Any CPU.Build.0 = Release|Any CPU
	EndGlobalSection
	GlobalSection(SolutionProperties) = preSolution
		HideSolutionNode = FALSE
	EndGlobalSection
	GlobalSection(ExtensibilityGlobals) = postSolution
		SolutionGuid = {25B69EFE-48D3-4F87-906F-6513FA6441E0}
	EndGlobalSection
EndGlobal
